
Microsoft Visual Studio Solution File, Format Version 12.00
# Visual Studio Version 17
VisualStudioVersion = 17.10.35013.160
MinimumVisualStudioVersion = 10.0.40219.1
Project("{8BC9CEB8-8B4A-11D0-8D11-00A0C91BC942}") = "CT3MusicTool", "CT3MusicTool.vcxproj", "{D284D1CB-A928-4EFF-9E46-2081516D2C37}"
EndProject
Global
	GlobalSection(SolutionConfigurationPlatforms) = preSolution
		Debug|x64 = Debug|x64
		Debug|x86 = Debug|x86
		Release|x64 = Release|x64
		Release|x86 = Release|x86
	EndGlobalSection
	GlobalSection(ProjectConfigurationPlatforms) = postSolution
		{D284D1CB-A928-4EFF-9E46-2081516D2C37}.Debug|x64.ActiveCfg = Debug|x64
		{D284D1CB-A928-4EFF-9E46-2081516D2C37}.Debug|x64.Build.0 = Debug|x64
		{D284D1CB-A928-4EFF-9E46-2081516D2C37}.Debug|x86.ActiveCfg = Debug|Win32
		{D284D1CB-A928-4EFF-9E46-2081516D2C37}.Debug|x86.Build.0 = Debug|Win32
		{D284D1CB-A928-4EFF-9E46-2081516D2C37}.Release|x64.ActiveCfg = Release|x64
		{D284D1CB-A928-4EFF-9E46-2081516D2C37}.Release|x64.Build.0 = Release|x64
		{D284D1CB-A928-4EFF-9E46-2081516D2C37}.Release|x86.ActiveCfg = Release|Win32
		{D284D1CB-A928-4EFF-9E46-2081516D2C37}.Release|x86.Build.0 = Release|Win32
	EndGlobalSection
	GlobalSection(SolutionProperties) = preSolution
		HideSolutionNode = FALSE
	EndGlobalSection
	GlobalSection(ExtensibilityGlobals) = postSolution
		SolutionGuid = {296DFEC4-6843-4B83-BDFB-2DDC34590464}
	EndGlobalSection
EndGlobal
